
Microsoft Visual Studio Solution File, Format Version 12.00
# Visual Studio 15
VisualStudioVersion = 15.0.28307.902
MinimumVisualStudioVersion = 10.0.40219.1
Project("{CC5FD16D-436D-48AD-A40C-5A424C6E3E79}") = "WCFPGMSFront", "WCFPGMSFront\WCFPGMSFront.ccproj", "{B7D8B771-5AA4-4468-B593-3B252BFE9F0F}"
EndProject
Project("{FAE04EC0-301F-11D3-BF4B-00C04F79EFBC}") = "WCFServiceWebRole1", "WCFServiceWebRole1\WCFServiceWebRole1.csproj", "{1FBAC8B8-3D52-4D80-8DA7-52B13C84B62A}"
EndProject
Global
	GlobalSection(SolutionConfigurationPlatforms) = preSolution
		Debug|Any CPU = Debug|Any CPU
		Release|Any CPU = Release|Any CPU
	EndGlobalSection
	GlobalSection(ProjectConfigurationPlatforms) = postSolution
		{B7D8B771-5AA4-4468-B593-3B252BFE9F0F}.Debug|Any CPU.ActiveCfg = Debug|Any CPU
		{B7D8B771-5AA4-4468-B593-3B252BFE9F0F}.Debug|Any CPU.Build.0 = Debug|Any CPU
		{B7D8B771-5AA4-4468-B593-3B252BFE9F0F}.Release|Any CPU.ActiveCfg = Release|Any CPU
		{B7D8B771-5AA4-4468-B593-3B252BFE9F0F}.Release|Any CPU.Build.0 = Release|Any CPU
		{1FBAC8B8-3D52-4D80-8DA7-52B13C84B62A}.Debug|Any CPU.ActiveCfg = Debug|Any CPU
		{1FBAC8B8-3D52-4D80-8DA7-52B13C84B62A}.Debug|Any CPU.Build.0 = Debug|Any CPU
		{1FBAC8B8-3D52-4D80-8DA7-52B13C84B62A}.Release|Any CPU.ActiveCfg = Release|Any CPU
		{1FBAC8B8-3D52-4D80-8DA7-52B13C84B62A}.Release|Any CPU.Build.0 = Release|Any CPU
	EndGlobalSection
	GlobalSection(SolutionProperties) = preSolution
		HideSolutionNode = FALSE
	EndGlobalSection
	GlobalSection(ExtensibilityGlobals) = postSolution
		SolutionGuid = {2DCC81E1-D075-4958-9388-F5EF1C2952A9}
	EndGlobalSection
EndGlobal
